
Microsoft Visual Studio Solution File, Format Version 12.00
# Visual Studio 2012
Project("{FAE04EC0-301F-11D3-BF4B-00C04F79EFBC}") = "VidPub.Web", "Source\VidPub.Web\VidPub.Web.csproj", "{7376C8F6-BD3F-4521-A33F-4AC11696400D}"
EndProject
Project("{FAE04EC0-301F-11D3-BF4B-00C04F79EFBC}") = "VidPub.Tests", "Source\VidPub.Tests\VidPub.Tests.csproj", "{DC1BF2FF-BF24-4EAE-BA27-36B2BA9070D8}"
EndProject
Project("{FAE04EC0-301F-11D3-BF4B-00C04F79EFBC}") = "VidPub.Tasks", "Source\VidPub.Tasks\VidPub.Tasks.csproj", "{5A08A431-077C-480B-B1D7-85D59B0DFD01}"
EndProject
Global
	GlobalSection(SolutionConfigurationPlatforms) = preSolution
		Debug|Any CPU = Debug|Any CPU
		Release|Any CPU = Release|Any CPU
	EndGlobalSection
	GlobalSection(ProjectConfigurationPlatforms) = postSolution
		{7376C8F6-BD3F-4521-A33F-4AC11696400D}.Debug|Any CPU.ActiveCfg = Debug|Any CPU
		{7376C8F6-BD3F-4521-A33F-4AC11696400D}.Debug|Any CPU.Build.0 = Debug|Any CPU
		{7376C8F6-BD3F-4521-A33F-4AC11696400D}.Release|Any CPU.ActiveCfg = Release|Any CPU
		{7376C8F6-BD3F-4521-A33F-4AC11696400D}.Release|Any CPU.Build.0 = Release|Any CPU
		{DC1BF2FF-BF24-4EAE-BA27-36B2BA9070D8}.Debug|Any CPU.ActiveCfg = Debug|Any CPU
		{DC1BF2FF-BF24-4EAE-BA27-36B2BA9070D8}.Debug|Any CPU.Build.0 = Debug|Any CPU
		{DC1BF2FF-BF24-4EAE-BA27-36B2BA9070D8}.Release|Any CPU.ActiveCfg = Release|Any CPU
		{DC1BF2FF-BF24-4EAE-BA27-36B2BA9070D8}.Release|Any CPU.Build.0 = Release|Any CPU
		{5A08A431-077C-480B-B1D7-85D59B0DFD01}.Debug|Any CPU.ActiveCfg = Debug|Any CPU
		{5A08A431-077C-480B-B1D7-85D59B0DFD01}.Debug|Any CPU.Build.0 = Debug|Any CPU
		{5A08A431-077C-480B-B1D7-85D59B0DFD01}.Release|Any CPU.ActiveCfg = Release|Any CPU
		{5A08A431-077C-480B-B1D7-85D59B0DFD01}.Release|Any CPU.Build.0 = Release|Any CPU
	EndGlobalSection
	GlobalSection(SolutionProperties) = preSolution
		HideSolutionNode = FALSE
	EndGlobalSection
EndGlobal
