
Microsoft Visual Studio Solution File, Format Version 11.00
# Visual Studio 2010
Project("{FAE04EC0-301F-11D3-BF4B-00C04F79EFBC}") = "TvDvGui", "Source\TvDb-GUI\TvDvGui.csproj", "{185D6E6E-27B3-498A-BB2E-7FAD4FBCBA3E}"
EndProject
Project("{FAE04EC0-301F-11D3-BF4B-00C04F79EFBC}") = "Rn.Core", "..\Rn.Core\Source\Class-Lib\Rn.Core.csproj", "{6F7EB396-AC26-4F16-9D7B-7AD9495C98C6}"
EndProject
Project("{FAE04EC0-301F-11D3-BF4B-00C04F79EFBC}") = "Rn.TvDb", "Source\ClassLib\Rn.TvDb.csproj", "{95935228-59D5-4684-923E-74B2935324F3}"
EndProject
Global
	GlobalSection(SolutionConfigurationPlatforms) = preSolution
		Debug|Any CPU = Debug|Any CPU
		Debug|Mixed Platforms = Debug|Mixed Platforms
		Debug|x86 = Debug|x86
		Release|Any CPU = Release|Any CPU
		Release|Mixed Platforms = Release|Mixed Platforms
		Release|x86 = Release|x86
	EndGlobalSection
	GlobalSection(ProjectConfigurationPlatforms) = postSolution
		{185D6E6E-27B3-498A-BB2E-7FAD4FBCBA3E}.Debug|Any CPU.ActiveCfg = Debug|x86
		{185D6E6E-27B3-498A-BB2E-7FAD4FBCBA3E}.Debug|Mixed Platforms.ActiveCfg = Debug|x86
		{185D6E6E-27B3-498A-BB2E-7FAD4FBCBA3E}.Debug|Mixed Platforms.Build.0 = Debug|x86
		{185D6E6E-27B3-498A-BB2E-7FAD4FBCBA3E}.Debug|x86.ActiveCfg = Debug|x86
		{185D6E6E-27B3-498A-BB2E-7FAD4FBCBA3E}.Debug|x86.Build.0 = Debug|x86
		{185D6E6E-27B3-498A-BB2E-7FAD4FBCBA3E}.Release|Any CPU.ActiveCfg = Release|x86
		{185D6E6E-27B3-498A-BB2E-7FAD4FBCBA3E}.Release|Mixed Platforms.ActiveCfg = Release|x86
		{185D6E6E-27B3-498A-BB2E-7FAD4FBCBA3E}.Release|Mixed Platforms.Build.0 = Release|x86
		{185D6E6E-27B3-498A-BB2E-7FAD4FBCBA3E}.Release|x86.ActiveCfg = Release|x86
		{185D6E6E-27B3-498A-BB2E-7FAD4FBCBA3E}.Release|x86.Build.0 = Release|x86
		{6F7EB396-AC26-4F16-9D7B-7AD9495C98C6}.Debug|Any CPU.ActiveCfg = Debug|Any CPU
		{6F7EB396-AC26-4F16-9D7B-7AD9495C98C6}.Debug|Any CPU.Build.0 = Debug|Any CPU
		{6F7EB396-AC26-4F16-9D7B-7AD9495C98C6}.Debug|Mixed Platforms.ActiveCfg = Debug|Any CPU
		{6F7EB396-AC26-4F16-9D7B-7AD9495C98C6}.Debug|Mixed Platforms.Build.0 = Debug|Any CPU
		{6F7EB396-AC26-4F16-9D7B-7AD9495C98C6}.Debug|x86.ActiveCfg = Debug|Any CPU
		{6F7EB396-AC26-4F16-9D7B-7AD9495C98C6}.Release|Any CPU.ActiveCfg = Release|Any CPU
		{6F7EB396-AC26-4F16-9D7B-7AD9495C98C6}.Release|Any CPU.Build.0 = Release|Any CPU
		{6F7EB396-AC26-4F16-9D7B-7AD9495C98C6}.Release|Mixed Platforms.ActiveCfg = Release|Any CPU
		{6F7EB396-AC26-4F16-9D7B-7AD9495C98C6}.Release|Mixed Platforms.Build.0 = Release|Any CPU
		{6F7EB396-AC26-4F16-9D7B-7AD9495C98C6}.Release|x86.ActiveCfg = Release|Any CPU
		{95935228-59D5-4684-923E-74B2935324F3}.Debug|Any CPU.ActiveCfg = Debug|Any CPU
		{95935228-59D5-4684-923E-74B2935324F3}.Debug|Any CPU.Build.0 = Debug|Any CPU
		{95935228-59D5-4684-923E-74B2935324F3}.Debug|Mixed Platforms.ActiveCfg = Debug|Any CPU
		{95935228-59D5-4684-923E-74B2935324F3}.Debug|Mixed Platforms.Build.0 = Debug|Any CPU
		{95935228-59D5-4684-923E-74B2935324F3}.Debug|x86.ActiveCfg = Debug|Any CPU
		{95935228-59D5-4684-923E-74B2935324F3}.Release|Any CPU.ActiveCfg = Release|Any CPU
		{95935228-59D5-4684-923E-74B2935324F3}.Release|Any CPU.Build.0 = Release|Any CPU
		{95935228-59D5-4684-923E-74B2935324F3}.Release|Mixed Platforms.ActiveCfg = Release|Any CPU
		{95935228-59D5-4684-923E-74B2935324F3}.Release|Mixed Platforms.Build.0 = Release|Any CPU
		{95935228-59D5-4684-923E-74B2935324F3}.Release|x86.ActiveCfg = Release|Any CPU
	EndGlobalSection
	GlobalSection(SolutionProperties) = preSolution
		HideSolutionNode = FALSE
	EndGlobalSection
EndGlobal
