
Microsoft Visual Studio Solution File, Format Version 12.00
# Visual Studio 2013
VisualStudioVersion = 12.0.31101.0
MinimumVisualStudioVersion = 10.0.40219.1
Project("{FAE04EC0-301F-11D3-BF4B-00C04F79EFBC}") = "Rn.API.TVDB", "Rn.API.TvDb\Rn.API.TVDB.csproj", "{5C82674D-9B10-41A9-A33E-86FB96A6C860}"
EndProject
Project("{2150E333-8FDC-42A3-9474-1A3956D46DE8}") = "Dev", "Dev", "{D43AF649-357A-421C-8F42-EBCD02954489}"
EndProject
Project("{FAE04EC0-301F-11D3-BF4B-00C04F79EFBC}") = "DevConsole", "..\RnDev.TvDB.Console\DevConsole.csproj", "{FF81A7BC-CB50-4046-B13E-BA12708C3802}"
EndProject
Project("{FAE04EC0-301F-11D3-BF4B-00C04F79EFBC}") = "DevHelpers", "DevHelpers\DevHelpers.csproj", "{03A25F05-D604-4E29-8E81-E827D99EF164}"
EndProject
Project("{FAE04EC0-301F-11D3-BF4B-00C04F79EFBC}") = "Rn.Common", "..\..\Rn.Common\src\Rn.Common\Rn.Common.csproj", "{5C93251B-0EFE-4D08-8911-E29DB2935479}"
EndProject
Global
	GlobalSection(SolutionConfigurationPlatforms) = preSolution
		Debug|Any CPU = Debug|Any CPU
		Release|Any CPU = Release|Any CPU
	EndGlobalSection
	GlobalSection(ProjectConfigurationPlatforms) = postSolution
		{5C82674D-9B10-41A9-A33E-86FB96A6C860}.Debug|Any CPU.ActiveCfg = Debug|Any CPU
		{5C82674D-9B10-41A9-A33E-86FB96A6C860}.Debug|Any CPU.Build.0 = Debug|Any CPU
		{5C82674D-9B10-41A9-A33E-86FB96A6C860}.Release|Any CPU.ActiveCfg = Release|Any CPU
		{5C82674D-9B10-41A9-A33E-86FB96A6C860}.Release|Any CPU.Build.0 = Release|Any CPU
		{FF81A7BC-CB50-4046-B13E-BA12708C3802}.Debug|Any CPU.ActiveCfg = Debug|Any CPU
		{FF81A7BC-CB50-4046-B13E-BA12708C3802}.Debug|Any CPU.Build.0 = Debug|Any CPU
		{FF81A7BC-CB50-4046-B13E-BA12708C3802}.Release|Any CPU.ActiveCfg = Release|Any CPU
		{FF81A7BC-CB50-4046-B13E-BA12708C3802}.Release|Any CPU.Build.0 = Release|Any CPU
		{03A25F05-D604-4E29-8E81-E827D99EF164}.Debug|Any CPU.ActiveCfg = Debug|Any CPU
		{03A25F05-D604-4E29-8E81-E827D99EF164}.Debug|Any CPU.Build.0 = Debug|Any CPU
		{03A25F05-D604-4E29-8E81-E827D99EF164}.Release|Any CPU.ActiveCfg = Release|Any CPU
		{03A25F05-D604-4E29-8E81-E827D99EF164}.Release|Any CPU.Build.0 = Release|Any CPU
		{5C93251B-0EFE-4D08-8911-E29DB2935479}.Debug|Any CPU.ActiveCfg = Debug|Any CPU
		{5C93251B-0EFE-4D08-8911-E29DB2935479}.Debug|Any CPU.Build.0 = Debug|Any CPU
		{5C93251B-0EFE-4D08-8911-E29DB2935479}.Release|Any CPU.ActiveCfg = Release|Any CPU
		{5C93251B-0EFE-4D08-8911-E29DB2935479}.Release|Any CPU.Build.0 = Release|Any CPU
	EndGlobalSection
	GlobalSection(SolutionProperties) = preSolution
		HideSolutionNode = FALSE
	EndGlobalSection
	GlobalSection(NestedProjects) = preSolution
		{FF81A7BC-CB50-4046-B13E-BA12708C3802} = {D43AF649-357A-421C-8F42-EBCD02954489}
		{03A25F05-D604-4E29-8E81-E827D99EF164} = {D43AF649-357A-421C-8F42-EBCD02954489}
	EndGlobalSection
EndGlobal
