
Microsoft Visual Studio Solution File, Format Version 12.00
# Visual Studio 2012
Project("{FAE04EC0-301F-11D3-BF4B-00C04F79EFBC}") = "RnReader", "RnReader\RnReader.csproj", "{F48D74BB-BE85-47AC-A82F-0FC2E15B3EF8}"
EndProject
Project("{FAE04EC0-301F-11D3-BF4B-00C04F79EFBC}") = "LibTesterConsoleApp", "LibTesterConsoleApp\LibTesterConsoleApp.csproj", "{7C208062-5B6C-46E9-8045-33CF49963650}"
EndProject
Project("{FAE04EC0-301F-11D3-BF4B-00C04F79EFBC}") = "RnReaderLib", "RnReaderLib\RnReaderLib.csproj", "{9EFFD084-A2A4-4F7C-9586-E264645A0508}"
EndProject
Global
	GlobalSection(SolutionConfigurationPlatforms) = preSolution
		Debug|Any CPU = Debug|Any CPU
		Release|Any CPU = Release|Any CPU
	EndGlobalSection
	GlobalSection(ProjectConfigurationPlatforms) = postSolution
		{F48D74BB-BE85-47AC-A82F-0FC2E15B3EF8}.Debug|Any CPU.ActiveCfg = Debug|Any CPU
		{F48D74BB-BE85-47AC-A82F-0FC2E15B3EF8}.Debug|Any CPU.Build.0 = Debug|Any CPU
		{F48D74BB-BE85-47AC-A82F-0FC2E15B3EF8}.Release|Any CPU.ActiveCfg = Release|Any CPU
		{F48D74BB-BE85-47AC-A82F-0FC2E15B3EF8}.Release|Any CPU.Build.0 = Release|Any CPU
		{7C208062-5B6C-46E9-8045-33CF49963650}.Debug|Any CPU.ActiveCfg = Debug|Any CPU
		{7C208062-5B6C-46E9-8045-33CF49963650}.Debug|Any CPU.Build.0 = Debug|Any CPU
		{7C208062-5B6C-46E9-8045-33CF49963650}.Release|Any CPU.ActiveCfg = Release|Any CPU
		{7C208062-5B6C-46E9-8045-33CF49963650}.Release|Any CPU.Build.0 = Release|Any CPU
		{9EFFD084-A2A4-4F7C-9586-E264645A0508}.Debug|Any CPU.ActiveCfg = Debug|Any CPU
		{9EFFD084-A2A4-4F7C-9586-E264645A0508}.Debug|Any CPU.Build.0 = Debug|Any CPU
		{9EFFD084-A2A4-4F7C-9586-E264645A0508}.Release|Any CPU.ActiveCfg = Release|Any CPU
		{9EFFD084-A2A4-4F7C-9586-E264645A0508}.Release|Any CPU.Build.0 = Release|Any CPU
	EndGlobalSection
	GlobalSection(SolutionProperties) = preSolution
		HideSolutionNode = FALSE
	EndGlobalSection
EndGlobal
