
Microsoft Visual Studio Solution File, Format Version 12.00
# Visual Studio Version 17
VisualStudioVersion = 17.3.32519.111
MinimumVisualStudioVersion = 10.0.40219.1
Project("{FAE04EC0-301F-11D3-BF4B-00C04F79EFBC}") = "Snippy", "Snippy\Snippy.csproj", "{269720D4-E68E-49DE-A1D2-002F863153B2}"
EndProject
Global
	GlobalSection(SolutionConfigurationPlatforms) = preSolution
		Debug|Any CPU = Debug|Any CPU
		Debug|x64 = Debug|x64
		Release|Any CPU = Release|Any CPU
		Release|x64 = Release|x64
	EndGlobalSection
	GlobalSection(ProjectConfigurationPlatforms) = postSolution
		{269720D4-E68E-49DE-A1D2-002F863153B2}.Debug|Any CPU.ActiveCfg = Debug|Any CPU
		{269720D4-E68E-49DE-A1D2-002F863153B2}.Debug|Any CPU.Build.0 = Debug|Any CPU
		{269720D4-E68E-49DE-A1D2-002F863153B2}.Debug|x64.ActiveCfg = Debug|Any CPU
		{269720D4-E68E-49DE-A1D2-002F863153B2}.Release|Any CPU.ActiveCfg = Release|Any CPU
		{269720D4-E68E-49DE-A1D2-002F863153B2}.Release|Any CPU.Build.0 = Release|Any CPU
		{269720D4-E68E-49DE-A1D2-002F863153B2}.Release|x64.ActiveCfg = Release|Any CPU
	EndGlobalSection
	GlobalSection(SolutionProperties) = preSolution
		HideSolutionNode = FALSE
	EndGlobalSection
	GlobalSection(ExtensibilityGlobals) = postSolution
		SolutionGuid = {A0C9A03F-9D4C-44DF-9AA2-54FB12708147}
	EndGlobalSection
EndGlobal
